{
  "nodes": {
    "crane": {
      "flake": false,
      "locked": {
        "lastModified": 1661875961,
        "narHash": "sha256-f1h/2c6Teeu1ofAHWzrS8TwBPcnN+EEu+z1sRVmMQTk=",
        "owner": "ipetkov",
        "repo": "crane",
        "rev": "d9f394e4e20e97c2a60c3ad82c2b6ef99be19e24",
        "type": "github"
      },
      "original": {
        "owner": "ipetkov",
        "repo": "crane",
        "type": "github"
      }
    },
    "devshell": {
      "flake": false,
      "locked": {
        "lastModified": 1660811669,
        "narHash": "sha256-V6lmsaLNFz41myppL0yxglta92ijkSvpZ+XVygAh+bU=",
        "owner": "numtide",
        "repo": "devshell",
        "rev": "c2feacb46ee69949124c835419861143c4016fb5",
        "type": "github"
      },
      "original": {
        "owner": "numtide",
        "repo": "devshell",
        "type": "github"
      }
    },
    "dream2nix": {
      "inputs": {
        "alejandra": [
          "helix",
          "nci",
          "nixpkgs"
        ],
        "crane": "crane",
        "devshell": [
          "helix",
          "nci",
          "devshell"
        ],
        "flake-utils-pre-commit": [
          "helix",
          "nci",
          "nixpkgs"
        ],
        "gomod2nix": [
          "helix",
          "nci",
          "nixpkgs"
        ],
        "mach-nix": [
          "helix",
          "nci",
          "nixpkgs"
        ],
        "nixpkgs": [
          "helix",
          "nci",
          "nixpkgs"
        ],
        "poetry2nix": [
          "helix",
          "nci",
          "nixpkgs"
        ],
        "pre-commit-hooks": [
          "helix",
          "nci",
          "nixpkgs"
        ]
      },
      "locked": {
        "lastModified": 1662176993,
        "narHash": "sha256-Sy7DsGAveDUFBb6YDsUSYZd/AcXfP/MOMIwMt/NgY84=",
        "owner": "nix-community",
        "repo": "dream2nix",
        "rev": "809bc5940214744eb29778a9a0b03f161979c1b2",
        "type": "github"
      },
      "original": {
        "owner": "nix-community",
        "repo": "dream2nix",
        "type": "github"
      }
    },
    "flake-utils": {
      "locked": {
        "lastModified": 1656928814,
        "narHash": "sha256-RIFfgBuKz6Hp89yRr7+NR5tzIAbn52h8vT6vXkYjZoM=",
        "owner": "numtide",
        "repo": "flake-utils",
        "rev": "7e2a3b3dfd9af950a856d66b0a7d01e3c18aa249",
        "type": "github"
      },
      "original": {
        "owner": "numtide",
        "repo": "flake-utils",
        "type": "github"
      }
    },
    "flake-utils_2": {
      "locked": {
        "lastModified": 1659877975,
        "narHash": "sha256-zllb8aq3YO3h8B/U0/J1WBgAL8EX5yWf5pMj3G0NAmc=",
        "owner": "numtide",
        "repo": "flake-utils",
        "rev": "c0e246b9b83f637f4681389ecabcb2681b4f3af0",
        "type": "github"
      },
      "original": {
        "owner": "numtide",
        "repo": "flake-utils",
        "type": "github"
      }
    },
    "helix": {
      "inputs": {
        "nci": "nci",
        "nixpkgs": [
          "nixpkgs"
        ],
        "rust-overlay": "rust-overlay"
      },
      "locked": {
        "lastModified": 1663105802,
        "narHash": "sha256-u+944HxAnqNElRPRMPCCb12f35hXpQsmXsrdBp+De6s=",
        "owner": "helix-editor",
        "repo": "helix",
        "rev": "b5be72bff79075ef4b5b51922da15e003c274b9b",
        "type": "github"
      },
      "original": {
        "owner": "helix-editor",
        "repo": "helix",
        "type": "github"
      }
    },
    "home-manager": {
      "inputs": {
        "nixpkgs": [
          "nixpkgs"
        ],
        "utils": "utils"
      },
      "locked": {
        "lastModified": 1663099612,
        "narHash": "sha256-ucokjFDRwCFWbcGiqxz0mfHv82UqwyW7RXY6ZgKSl80=",
        "owner": "nix-community",
        "repo": "home-manager",
        "rev": "60c6bfe322944d04bb38e76b64effcbd01258824",
        "type": "github"
      },
      "original": {
        "owner": "nix-community",
        "repo": "home-manager",
        "type": "github"
      }
    },
    "hyprland": {
      "inputs": {
        "nixpkgs": [
          "nixpkgs"
        ],
        "wlroots": "wlroots"
      },
      "locked": {
        "lastModified": 1663169416,
        "narHash": "sha256-BGN7XiiLx1D03L5j6OL7WPknxlt5cSejqfR+xQXpv5E=",
        "owner": "hyprwm",
        "repo": "hyprland",
        "rev": "037d4ed422bb3bb34617f444a360a8abab6863cb",
        "type": "github"
      },
      "original": {
        "owner": "hyprwm",
        "repo": "hyprland",
        "type": "github"
      }
    },
    "naersk": {
      "inputs": {
        "nixpkgs": "nixpkgs"
      },
      "locked": {
        "lastModified": 1662220400,
        "narHash": "sha256-9o2OGQqu4xyLZP9K6kNe1pTHnyPz0Wr3raGYnr9AIgY=",
        "owner": "nix-community",
        "repo": "naersk",
        "rev": "6944160c19cb591eb85bbf9b2f2768a935623ed3",
        "type": "github"
      },
      "original": {
        "owner": "nix-community",
        "repo": "naersk",
        "type": "github"
      }
    },
    "nci": {
      "inputs": {
        "devshell": "devshell",
        "dream2nix": "dream2nix",
        "nixpkgs": [
          "helix",
          "nixpkgs"
        ],
        "rust-overlay": [
          "helix",
          "rust-overlay"
        ]
      },
      "locked": {
        "lastModified": 1662177071,
        "narHash": "sha256-x6XF//RdZlw81tFAYM1TkjY+iQIpyMCWZ46r9o4wVQY=",
        "owner": "yusdacra",
        "repo": "nix-cargo-integration",
        "rev": "65270dea87bb82fc02102a15221677eea237680e",
        "type": "github"
      },
      "original": {
        "owner": "yusdacra",
        "repo": "nix-cargo-integration",
        "type": "github"
      }
    },
    "networkmanager-nixpkgs": {
      "locked": {
        "lastModified": 1653936696,
        "narHash": "sha256-M6bJShji9AIDZ7Kh7CPwPBPb/T7RiVev2PAcOi4fxDQ=",
        "owner": "NixOS",
        "repo": "nixpkgs",
        "rev": "ce6aa13369b667ac2542593170993504932eb836",
        "type": "github"
      },
      "original": {
        "owner": "NixOS",
        "ref": "22.05",
        "repo": "nixpkgs",
        "type": "github"
      }
    },
    "nix-analyzer": {
      "inputs": {
        "flake-utils": "flake-utils_2",
        "naersk": "naersk",
        "nixpkgs": "nixpkgs_2"
      },
      "locked": {
        "lastModified": 1666406139,
        "narHash": "sha256-nZIFYa0rlv5enjTLa8IvZiQL0f8nwxDCgf4VVYzDPMo=",
        "type": "git",
        "url": "file:///home/josh/dev/nix-analyzer"
      },
      "original": {
        "type": "git",
        "url": "file:///home/josh/dev/nix-analyzer"
      }
    },
    "nix-godot": {
      "inputs": {
        "nixpkgs": "nixpkgs_3",
        "src": "src"
      },
      "locked": {
        "lastModified": 1664493789,
        "narHash": "sha256-huFXV3Ec2TcC7/52I4Haaxi8uwcplIspu5e0tzu/ejo=",
        "owner": "jm8",
        "repo": "nix-godot",
        "rev": "a2b1e3494bf739331bc623e90f2860c0856157b9",
        "type": "github"
      },
      "original": {
        "owner": "jm8",
        "repo": "nix-godot",
        "type": "github"
      }
    },
    "nixpkgs": {
      "locked": {
        "lastModified": 1665634984,
        "narHash": "sha256-zwXeMc96BD9iFxSB/SLr3dI8iYpqM+seX9qy6bGV+cw=",
        "owner": "NixOS",
        "repo": "nixpkgs",
        "rev": "cfea568da97a2668ef3cb3fc42eaacfb0e706807",
        "type": "github"
      },
      "original": {
        "id": "nixpkgs",
        "type": "indirect"
      }
    },
    "nixpkgs_2": {
      "locked": {
        "lastModified": 1665634984,
        "narHash": "sha256-zwXeMc96BD9iFxSB/SLr3dI8iYpqM+seX9qy6bGV+cw=",
        "owner": "NixOS",
        "repo": "nixpkgs",
        "rev": "cfea568da97a2668ef3cb3fc42eaacfb0e706807",
        "type": "github"
      },
      "original": {
        "owner": "NixOS",
        "ref": "nixpkgs-unstable",
        "repo": "nixpkgs",
        "type": "github"
      }
    },
    "nixpkgs_3": {
      "locked": {
        "lastModified": 1664017330,
        "narHash": "sha256-919WZKBTxFdTkzIK6uJXE7hwSPQb7e/ekybxxWaotR4=",
        "owner": "nixos",
        "repo": "nixpkgs",
        "rev": "fde244a8c7655bc28616864e2290ad9c95409c2c",
        "type": "github"
      },
      "original": {
        "owner": "nixos",
        "ref": "nixos-unstable",
        "repo": "nixpkgs",
        "type": "github"
      }
    },
    "nixpkgs_4": {
      "locked": {
        "lastModified": 1671359686,
        "narHash": "sha256-3MpC6yZo+Xn9cPordGz2/ii6IJpP2n8LE8e/ebUXLrs=",
        "owner": "NixOS",
        "repo": "nixpkgs",
        "rev": "04f574a1c0fde90b51bf68198e2297ca4e7cccf4",
        "type": "github"
      },
      "original": {
        "owner": "NixOS",
        "ref": "nixos-unstable",
        "repo": "nixpkgs",
        "type": "github"
      }
    },
    "root": {
      "inputs": {
        "helix": "helix",
        "home-manager": "home-manager",
        "hyprland": "hyprland",
        "networkmanager-nixpkgs": "networkmanager-nixpkgs",
        "nix-analyzer": "nix-analyzer",
        "nix-godot": "nix-godot",
        "nixpkgs": "nixpkgs_4"
      }
    },
    "rust-overlay": {
      "inputs": {
        "flake-utils": "flake-utils",
        "nixpkgs": [
          "helix",
          "nixpkgs"
        ]
      },
      "locked": {
        "lastModified": 1662087605,
        "narHash": "sha256-Gpf2gp2JenKGf+TylX/YJpttY2bzsnvAMLdLaxoZRyU=",
        "owner": "oxalica",
        "repo": "rust-overlay",
        "rev": "60c2cfaa8b90ed8cebd18b214fac8682dcf222dd",
        "type": "github"
      },
      "original": {
        "owner": "oxalica",
        "repo": "rust-overlay",
        "type": "github"
      }
    },
    "src": {
      "flake": false,
      "locked": {
        "narHash": "sha256-Rv9tjo0voIZRJ95wc59CA4EbSNbBqbwwVt9+bbPeK5w=",
        "type": "tarball",
        "url": "https://downloads.tuxfamily.org/godotengine/4.0/beta2/godot-4.0-beta2.tar.xz"
      },
      "original": {
        "type": "tarball",
        "url": "https://downloads.tuxfamily.org/godotengine/4.0/beta2/godot-4.0-beta2.tar.xz"
      }
    },
    "utils": {
      "locked": {
        "lastModified": 1653893745,
        "narHash": "sha256-0jntwV3Z8//YwuOjzhV2sgJJPt+HY6KhU7VZUL0fKZQ=",
        "owner": "numtide",
        "repo": "flake-utils",
        "rev": "1ed9fb1935d260de5fe1c2f7ee0ebaae17ed2fa1",
        "type": "github"
      },
      "original": {
        "owner": "numtide",
        "repo": "flake-utils",
        "type": "github"
      }
    },
    "wlroots": {
      "flake": false,
      "locked": {
        "host": "gitlab.freedesktop.org",
        "lastModified": 1661882030,
        "narHash": "sha256-Kw0MG4rXdTnbndVLLCNwkXDmNszwdQZmm7pwI1R3Kds=",
        "owner": "wlroots",
        "repo": "wlroots",
        "rev": "fd0b0276c9ecc159549acff48b932b83ec3b4f12",
        "type": "gitlab"
      },
      "original": {
        "host": "gitlab.freedesktop.org",
        "owner": "wlroots",
        "repo": "wlroots",
        "type": "gitlab"
      }
    }
  },
  "root": "root",
  "version": 7
}
